
Microsoft Visual Studio Solution File, Format Version 12.00
# Visual Studio Version 17
VisualStudioVersion = 17.14.36811.4 d17.14
MinimumVisualStudioVersion = 10.0.40219.1
Project("{FAE04EC0-301F-11D3-BF4B-00C04F79EFBC}") = "E-Commerce.API", "E-Commerce.API\E-Commerce.API.csproj", "{1A8BCE68-9FF8-49D4-847A-8AF31C6FD87B}"
EndProject
Project("{2150E333-8FDC-42A3-9474-1A3956D46DE8}") = "Core", "Core", "{02EA681E-C7D8-13C7-8484-4AC65E1B71E8}"
EndProject
Project("{FAE04EC0-301F-11D3-BF4B-00C04F79EFBC}") = "Domain", "Core\Domain\Domain.csproj", "{33C34C68-1E91-4A8C-9FFC-07CCC259CC38}"
EndProject
Project("{FAE04EC0-301F-11D3-BF4B-00C04F79EFBC}") = "Services", "Core\Services\Services.csproj", "{AD4D17A8-BDF5-4482-9360-175F800F1203}"
EndProject
Project("{FAE04EC0-301F-11D3-BF4B-00C04F79EFBC}") = "Services.Abstraction", "Core\Services.Abstraction\Services.Abstraction.csproj", "{1CE961D2-10B2-4FE7-BB5B-4FE16410EB83}"
EndProject
Project("{2150E333-8FDC-42A3-9474-1A3956D46DE8}") = "Infrastructure", "Infrastructure", "{4713570E-04DD-49D6-93BE-4E0C79C23AED}"
EndProject
Project("{FAE04EC0-301F-11D3-BF4B-00C04F79EFBC}") = "Persistence", "Infrastructure\Persistence\Persistence.csproj", "{1F5FAC03-17D0-4C88-A90C-1D39E2A3B973}"
EndProject
Project("{FAE04EC0-301F-11D3-BF4B-00C04F79EFBC}") = "Presentation", "Infrastructure\Presentation\Presentation.csproj", "{AACEEAC1-3AC7-4FEF-B0C9-81EDDB139898}"
EndProject
Project("{FAE04EC0-301F-11D3-BF4B-00C04F79EFBC}") = "Shared", "Shared\Shared.csproj", "{7D7790E2-082B-42D9-B6EF-E4DAC5B65778}"
EndProject
Global
	GlobalSection(SolutionConfigurationPlatforms) = preSolution
		Debug|Any CPU = Debug|Any CPU
		Release|Any CPU = Release|Any CPU
	EndGlobalSection
	GlobalSection(ProjectConfigurationPlatforms) = postSolution
		{1A8BCE68-9FF8-49D4-847A-8AF31C6FD87B}.Debug|Any CPU.ActiveCfg = Debug|Any CPU
		{1A8BCE68-9FF8-49D4-847A-8AF31C6FD87B}.Debug|Any CPU.Build.0 = Debug|Any CPU
		{1A8BCE68-9FF8-49D4-847A-8AF31C6FD87B}.Release|Any CPU.ActiveCfg = Release|Any CPU
		{1A8BCE68-9FF8-49D4-847A-8AF31C6FD87B}.Release|Any CPU.Build.0 = Release|Any CPU
		{33C34C68-1E91-4A8C-9FFC-07CCC259CC38}.Debug|Any CPU.ActiveCfg = Debug|Any CPU
		{33C34C68-1E91-4A8C-9FFC-07CCC259CC38}.Debug|Any CPU.Build.0 = Debug|Any CPU
		{33C34C68-1E91-4A8C-9FFC-07CCC259CC38}.Release|Any CPU.ActiveCfg = Release|Any CPU
		{33C34C68-1E91-4A8C-9FFC-07CCC259CC38}.Release|Any CPU.Build.0 = Release|Any CPU
		{AD4D17A8-BDF5-4482-9360-175F800F1203}.Debug|Any CPU.ActiveCfg = Debug|Any CPU
		{AD4D17A8-BDF5-4482-9360-175F800F1203}.Debug|Any CPU.Build.0 = Debug|Any CPU
		{AD4D17A8-BDF5-4482-9360-175F800F1203}.Release|Any CPU.ActiveCfg = Release|Any CPU
		{AD4D17A8-BDF5-4482-9360-175F800F1203}.Release|Any CPU.Build.0 = Release|Any CPU
		{1CE961D2-10B2-4FE7-BB5B-4FE16410EB83}.Debug|Any CPU.ActiveCfg = Debug|Any CPU
		{1CE961D2-10B2-4FE7-BB5B-4FE16410EB83}.Debug|Any CPU.Build.0 = Debug|Any CPU
		{1CE961D2-10B2-4FE7-BB5B-4FE16410EB83}.Release|Any CPU.ActiveCfg = Release|Any CPU
		{1CE961D2-10B2-4FE7-BB5B-4FE16410EB83}.Release|Any CPU.Build.0 = Release|Any CPU
		{1F5FAC03-17D0-4C88-A90C-1D39E2A3B973}.Debug|Any CPU.ActiveCfg = Debug|Any CPU
		{1F5FAC03-17D0-4C88-A90C-1D39E2A3B973}.Debug|Any CPU.Build.0 = Debug|Any CPU
		{1F5FAC03-17D0-4C88-A90C-1D39E2A3B973}.Release|Any CPU.ActiveCfg = Release|Any CPU
		{1F5FAC03-17D0-4C88-A90C-1D39E2A3B973}.Release|Any CPU.Build.0 = Release|Any CPU
		{AACEEAC1-3AC7-4FEF-B0C9-81EDDB139898}.Debug|Any CPU.ActiveCfg = Debug|Any CPU
		{AACEEAC1-3AC7-4FEF-B0C9-81EDDB139898}.Debug|Any CPU.Build.0 = Debug|Any CPU
		{AACEEAC1-3AC7-4FEF-B0C9-81EDDB139898}.Release|Any CPU.ActiveCfg = Release|Any CPU
		{AACEEAC1-3AC7-4FEF-B0C9-81EDDB139898}.Release|Any CPU.Build.0 = Release|Any CPU
		{7D7790E2-082B-42D9-B6EF-E4DAC5B65778}.Debug|Any CPU.ActiveCfg = Debug|Any CPU
		{7D7790E2-082B-42D9-B6EF-E4DAC5B65778}.Debug|Any CPU.Build.0 = Debug|Any CPU
		{7D7790E2-082B-42D9-B6EF-E4DAC5B65778}.Release|Any CPU.ActiveCfg = Release|Any CPU
		{7D7790E2-082B-42D9-B6EF-E4DAC5B65778}.Release|Any CPU.Build.0 = Release|Any CPU
	EndGlobalSection
	GlobalSection(SolutionProperties) = preSolution
		HideSolutionNode = FALSE
	EndGlobalSection
	GlobalSection(NestedProjects) = preSolution
		{33C34C68-1E91-4A8C-9FFC-07CCC259CC38} = {02EA681E-C7D8-13C7-8484-4AC65E1B71E8}
		{AD4D17A8-BDF5-4482-9360-175F800F1203} = {02EA681E-C7D8-13C7-8484-4AC65E1B71E8}
		{1CE961D2-10B2-4FE7-BB5B-4FE16410EB83} = {02EA681E-C7D8-13C7-8484-4AC65E1B71E8}
		{1F5FAC03-17D0-4C88-A90C-1D39E2A3B973} = {4713570E-04DD-49D6-93BE-4E0C79C23AED}
		{AACEEAC1-3AC7-4FEF-B0C9-81EDDB139898} = {4713570E-04DD-49D6-93BE-4E0C79C23AED}
	EndGlobalSection
	GlobalSection(ExtensibilityGlobals) = postSolution
		SolutionGuid = {005960A7-C5D5-4F29-99F9-F826BCE31CBC}
	EndGlobalSection
EndGlobal
